
Microsoft Visual Studio Solution File, Format Version 12.00
# Visual Studio 15
Project("{FAE04EC0-301F-11D3-BF4B-00C04F79EFBC}") = "Yarn Experiment", "Assembly-CSharp.csproj", "{5335D1EC-3BF1-B6B5-78D6-64ED5AF224C5}"
EndProject
Project("{FAE04EC0-301F-11D3-BF4B-00C04F79EFBC}") = "Yarn Experiment", "Assembly-CSharp-Editor.csproj", "{CEFB96B3-5AC0-F7E5-78A8-5AF02FB58929}"
EndProject
Global
	GlobalSection(SolutionConfigurationPlatforms) = preSolution
		Debug|Any CPU = Debug|Any CPU
		Release|Any CPU = Release|Any CPU
	EndGlobalSection
	GlobalSection(ProjectConfigurationPlatforms) = postSolution
		{5335D1EC-3BF1-B6B5-78D6-64ED5AF224C5}.Debug|Any CPU.ActiveCfg = Debug|Any CPU
		{5335D1EC-3BF1-B6B5-78D6-64ED5AF224C5}.Debug|Any CPU.Build.0 = Debug|Any CPU
		{5335D1EC-3BF1-B6B5-78D6-64ED5AF224C5}.Release|Any CPU.ActiveCfg = Release|Any CPU
		{5335D1EC-3BF1-B6B5-78D6-64ED5AF224C5}.Release|Any CPU.Build.0 = Release|Any CPU
		{CEFB96B3-5AC0-F7E5-78A8-5AF02FB58929}.Debug|Any CPU.ActiveCfg = Debug|Any CPU
		{CEFB96B3-5AC0-F7E5-78A8-5AF02FB58929}.Debug|Any CPU.Build.0 = Debug|Any CPU
		{CEFB96B3-5AC0-F7E5-78A8-5AF02FB58929}.Release|Any CPU.ActiveCfg = Release|Any CPU
		{CEFB96B3-5AC0-F7E5-78A8-5AF02FB58929}.Release|Any CPU.Build.0 = Release|Any CPU
	EndGlobalSection
	GlobalSection(SolutionProperties) = preSolution
		HideSolutionNode = FALSE
	EndGlobalSection
EndGlobal
